
Microsoft Visual Studio Solution File, Format Version 12.00
# Visual Studio Express 15 for Windows Desktop
VisualStudioVersion = 15.0.28307.1000
MinimumVisualStudioVersion = 10.0.40219.1
Project("{FAE04EC0-301F-11D3-BF4B-00C04F79EFBC}") = "CustomCollection", "CustomCollection\CustomCollection.csproj", "{E469760B-6698-4B1A-B53A-6001EDD00AB6}"
EndProject
Project("{FAE04EC0-301F-11D3-BF4B-00C04F79EFBC}") = "DriverProgram.cs", "DriverProgram.cs\DriverProgram.cs.csproj", "{735B001A-02BB-42F5-86A2-595F21DD0A28}"
EndProject
Global
	GlobalSection(SolutionConfigurationPlatforms) = preSolution
		Debug|Any CPU = Debug|Any CPU
		Release|Any CPU = Release|Any CPU
	EndGlobalSection
	GlobalSection(ProjectConfigurationPlatforms) = postSolution
		{E469760B-6698-4B1A-B53A-6001EDD00AB6}.Debug|Any CPU.ActiveCfg = Debug|Any CPU
		{E469760B-6698-4B1A-B53A-6001EDD00AB6}.Debug|Any CPU.Build.0 = Debug|Any CPU
		{E469760B-6698-4B1A-B53A-6001EDD00AB6}.Release|Any CPU.ActiveCfg = Release|Any CPU
		{E469760B-6698-4B1A-B53A-6001EDD00AB6}.Release|Any CPU.Build.0 = Release|Any CPU
		{735B001A-02BB-42F5-86A2-595F21DD0A28}.Debug|Any CPU.ActiveCfg = Debug|Any CPU
		{735B001A-02BB-42F5-86A2-595F21DD0A28}.Debug|Any CPU.Build.0 = Debug|Any CPU
		{735B001A-02BB-42F5-86A2-595F21DD0A28}.Release|Any CPU.ActiveCfg = Release|Any CPU
		{735B001A-02BB-42F5-86A2-595F21DD0A28}.Release|Any CPU.Build.0 = Release|Any CPU
	EndGlobalSection
	GlobalSection(SolutionProperties) = preSolution
		HideSolutionNode = FALSE
	EndGlobalSection
	GlobalSection(ExtensibilityGlobals) = postSolution
		SolutionGuid = {457F8BBD-A213-47A2-A244-E0E6B8C91372}
	EndGlobalSection
EndGlobal
