
Microsoft Visual Studio Solution File, Format Version 12.00
# Visual Studio Express 15 for Windows Desktop
VisualStudioVersion = 15.0.28307.1000
MinimumVisualStudioVersion = 10.0.40219.1
Project("{FAE04EC0-301F-11D3-BF4B-00C04F79EFBC}") = "CompareInterfacesImplementatiions", "CompareInterfacesImplementatiions\CompareInterfacesImplementatiions.csproj", "{DA6D1C0F-740D-4C16-BF2A-B71159CD04E9}"
EndProject
Global
	GlobalSection(SolutionConfigurationPlatforms) = preSolution
		Debug|Any CPU = Debug|Any CPU
		Release|Any CPU = Release|Any CPU
	EndGlobalSection
	GlobalSection(ProjectConfigurationPlatforms) = postSolution
		{DA6D1C0F-740D-4C16-BF2A-B71159CD04E9}.Debug|Any CPU.ActiveCfg = Debug|Any CPU
		{DA6D1C0F-740D-4C16-BF2A-B71159CD04E9}.Debug|Any CPU.Build.0 = Debug|Any CPU
		{DA6D1C0F-740D-4C16-BF2A-B71159CD04E9}.Release|Any CPU.ActiveCfg = Release|Any CPU
		{DA6D1C0F-740D-4C16-BF2A-B71159CD04E9}.Release|Any CPU.Build.0 = Release|Any CPU
	EndGlobalSection
	GlobalSection(SolutionProperties) = preSolution
		HideSolutionNode = FALSE
	EndGlobalSection
	GlobalSection(ExtensibilityGlobals) = postSolution
		SolutionGuid = {C8C1D7D9-E8FB-4E77-87CA-29D9BD20E318}
	EndGlobalSection
EndGlobal
