
Microsoft Visual Studio Solution File, Format Version 12.00
# Visual Studio Version 16
VisualStudioVersion = 16.0.29709.97
MinimumVisualStudioVersion = 10.0.40219.1
Project("{FAE04EC0-301F-11D3-BF4B-00C04F79EFBC}") = "WebAppElmah", "WebAppElmah\WebAppElmah.csproj", "{379E6427-E44A-42D5-8A6E-7FEBA403345F}"
EndProject
Project("{FAE04EC0-301F-11D3-BF4B-00C04F79EFBC}") = "WebAppElmah.Tests", "WebAppElmah.Tests\WebAppElmah.Tests.csproj", "{9E5ADCCD-2A93-4FCA-BFAE-C78023635305}"
EndProject
Project("{FAE04EC0-301F-11D3-BF4B-00C04F79EFBC}") = "WebApplog4net", "WebApplog4net\WebApplog4net.csproj", "{2A7441A0-2C6B-4281-90A0-1262DB8C7BA2}"
EndProject
Global
	GlobalSection(SolutionConfigurationPlatforms) = preSolution
		Debug|Any CPU = Debug|Any CPU
		Release|Any CPU = Release|Any CPU
	EndGlobalSection
	GlobalSection(ProjectConfigurationPlatforms) = postSolution
		{379E6427-E44A-42D5-8A6E-7FEBA403345F}.Debug|Any CPU.ActiveCfg = Debug|Any CPU
		{379E6427-E44A-42D5-8A6E-7FEBA403345F}.Debug|Any CPU.Build.0 = Debug|Any CPU
		{379E6427-E44A-42D5-8A6E-7FEBA403345F}.Release|Any CPU.ActiveCfg = Release|Any CPU
		{379E6427-E44A-42D5-8A6E-7FEBA403345F}.Release|Any CPU.Build.0 = Release|Any CPU
		{9E5ADCCD-2A93-4FCA-BFAE-C78023635305}.Debug|Any CPU.ActiveCfg = Debug|Any CPU
		{9E5ADCCD-2A93-4FCA-BFAE-C78023635305}.Debug|Any CPU.Build.0 = Debug|Any CPU
		{9E5ADCCD-2A93-4FCA-BFAE-C78023635305}.Release|Any CPU.ActiveCfg = Release|Any CPU
		{9E5ADCCD-2A93-4FCA-BFAE-C78023635305}.Release|Any CPU.Build.0 = Release|Any CPU
		{2A7441A0-2C6B-4281-90A0-1262DB8C7BA2}.Debug|Any CPU.ActiveCfg = Debug|Any CPU
		{2A7441A0-2C6B-4281-90A0-1262DB8C7BA2}.Debug|Any CPU.Build.0 = Debug|Any CPU
		{2A7441A0-2C6B-4281-90A0-1262DB8C7BA2}.Release|Any CPU.ActiveCfg = Release|Any CPU
		{2A7441A0-2C6B-4281-90A0-1262DB8C7BA2}.Release|Any CPU.Build.0 = Release|Any CPU
	EndGlobalSection
	GlobalSection(SolutionProperties) = preSolution
		HideSolutionNode = FALSE
	EndGlobalSection
	GlobalSection(ExtensibilityGlobals) = postSolution
		SolutionGuid = {0F045869-DF6D-4AE9-BF96-434DDDD4C34D}
	EndGlobalSection
EndGlobal
