
Microsoft Visual Studio Solution File, Format Version 12.00
# Visual Studio Version 16
VisualStudioVersion = 16.0.29709.97
MinimumVisualStudioVersion = 10.0.40219.1
Project("{FAE04EC0-301F-11D3-BF4B-00C04F79EFBC}") = "DelegatesImplementaion", "DelegatesImplementaion\DelegatesImplementaion.csproj", "{9B756F1D-EC48-4942-A3DA-B5BBE86FB295}"
EndProject
Global
	GlobalSection(SolutionConfigurationPlatforms) = preSolution
		Debug|Any CPU = Debug|Any CPU
		Release|Any CPU = Release|Any CPU
	EndGlobalSection
	GlobalSection(ProjectConfigurationPlatforms) = postSolution
		{9B756F1D-EC48-4942-A3DA-B5BBE86FB295}.Debug|Any CPU.ActiveCfg = Debug|Any CPU
		{9B756F1D-EC48-4942-A3DA-B5BBE86FB295}.Debug|Any CPU.Build.0 = Debug|Any CPU
		{9B756F1D-EC48-4942-A3DA-B5BBE86FB295}.Release|Any CPU.ActiveCfg = Release|Any CPU
		{9B756F1D-EC48-4942-A3DA-B5BBE86FB295}.Release|Any CPU.Build.0 = Release|Any CPU
	EndGlobalSection
	GlobalSection(SolutionProperties) = preSolution
		HideSolutionNode = FALSE
	EndGlobalSection
	GlobalSection(ExtensibilityGlobals) = postSolution
		SolutionGuid = {6A6451CA-033C-48B9-BBFF-B8FFAB8F07CA}
	EndGlobalSection
EndGlobal
